PODS:
  - pop (1.0.7)
  - PQFCustomLoaders (1.0.1):
    - pop (~> 1.0)
    - UIColor+FlatColors
  - UIColor+FlatColors (0.0.2)

DEPENDENCIES:
  - PQFCustomLoaders (~> 1.0.1)

SPEC CHECKSUMS:
  pop: 628ffc631644601567ee8bfaaaea493ebd7d0923
  PQFCustomLoaders: 3352250e86c2961bfc3d0cccd91def07794c2aa9
  UIColor+FlatColors: 6c699df7a575281794c688c64cee6c44fd1f93b4

COCOAPODS: 0.37.1
