// !$*UTF8*$!
{
	archiveVersion = 1;
	classes = {
	};
	objectVersion = 46;
	objects = {

/* Begin PBXBuildFile section */
		7FF5F399BB71DFA877BE19FA /* libPods-AL-Masdar.a in Frameworks */ = {isa = PBXBuildFile; fileRef = 6670BD0A3CA460F7A52C2282 /* libPods-AL-Masdar.a */; };
		E8C36F351B39D26800D0453E /* main.m in Sources */ = {isa = PBXBuildFile; fileRef = E8C36F341B39D26800D0453E /* main.m */; };
		E8C36F381B39D26800D0453E /* AppDelegate.m in Sources */ = {isa = PBXBuildFile; fileRef = E8C36F371B39D26800D0453E /* AppDelegate.m */; };
		E8C36F3B1B39D26800D0453E /* ViewController.m in Sources */ = {isa = PBXBuildFile; fileRef = E8C36F3A1B39D26800D0453E /* ViewController.m */; };
		E8C36F3E1B39D26800D0453E /* Main.storyboard in Resources */ = {isa = PBXBuildFile; fileRef = E8C36F3C1B39D26800D0453E /* Main.storyboard */; };
		E8C36F401B39D26800D0453E /* Images.xcassets in Resources */ = {isa = PBXBuildFile; fileRef = E8C36F3F1B39D26800D0453E /* Images.xcassets */; };
		E8C36F431B39D26800D0453E /* LaunchScreen.xib in Resources */ = {isa = PBXBuildFile; fileRef = E8C36F411B39D26800D0453E /* LaunchScreen.xib */; };
		E8C36F4F1B39D26800D0453E /* AL_MasdarTests.m in Sources */ = {isa = PBXBuildFile; fileRef = E8C36F4E1B39D26800D0453E /* AL_MasdarTests.m */; };
		E8C36F5D1B39DD4B00D0453E /* ReverseGeocodeCountry.json in Resources */ = {isa = PBXBuildFile; fileRef = E8C36F5B1B39DD4B00D0453E /* ReverseGeocodeCountry.json */; };
		E8C36F5E1B39DD4B00D0453E /* ReverseGeocodeCountry.m in Sources */ = {isa = PBXBuildFile; fileRef = E8C36F5C1B39DD4B00D0453E /* ReverseGeocodeCountry.m */; };
		E8C36F611B39DF8E00D0453E /* Reachability.m in Sources */ = {isa = PBXBuildFile; fileRef = E8C36F601B39DF8E00D0453E /* Reachability.m */; };
		E8C36F651B39E07200D0453E /* NoInternetConnectionViewController.m in Sources */ = {isa = PBXBuildFile; fileRef = E8C36F641B39E07200D0453E /* NoInternetConnectionViewController.m */; };
/* End PBXBuildFile section */

/* Begin PBXContainerItemProxy section */
		E8C36F491B39D26800D0453E /* PBXContainerItemProxy */ = {
			isa = PBXContainerItemProxy;
			containerPortal = E8C36F271B39D26800D0453E /* Project object */;
			proxyType = 1;
			remoteGlobalIDString = E8C36F2E1B39D26800D0453E;
			remoteInfo = "AL-Masdar";
		};
/* End PBXContainerItemProxy section */

/* Begin PBXFileReference section */
		5BF2D4E2EEF27E8E945DA18C /* Pods-AL-Masdar.release.xcconfig */ = {isa = PBXFileReference; includeInIndex = 1; lastKnownFileType = text.xcconfig; name = "Pods-AL-Masdar.release.xcconfig"; path = "Pods/Target Support Files/Pods-AL-Masdar/Pods-AL-Masdar.release.xcconfig"; sourceTree = "<group>"; };
		6670BD0A3CA460F7A52C2282 /* libPods-AL-Masdar.a */ = {isa = PBXFileReference; explicitFileType = archive.ar; includeInIndex = 0; path = "libPods-AL-Masdar.a"; sourceTree = BUILT_PRODUCTS_DIR; };
		C8F53F59F7EE46E97900FA3B /* Pods-AL-Masdar.debug.xcconfig */ = {isa = PBXFileReference; includeInIndex = 1; lastKnownFileType = text.xcconfig; name = "Pods-AL-Masdar.debug.xcconfig"; path = "Pods/Target Support Files/Pods-AL-Masdar/Pods-AL-Masdar.debug.xcconfig"; sourceTree = "<group>"; };
		E8C36F2F1B39D26800D0453E /* AL-Masdar.app */ = {isa = PBXFileReference; explicitFileType = wrapper.application; includeInIndex = 0; path = "AL-Masdar.app"; sourceTree = BUILT_PRODUCTS_DIR; };
		E8C36F331B39D26800D0453E /* Info.plist */ = {isa = PBXFileReference; lastKnownFileType = text.plist.xml; path = Info.plist; sourceTree = "<group>"; };
		E8C36F341B39D26800D0453E /* main.m */ = {isa = PBXFileReference; lastKnownFileType = sourcecode.c.objc; path = main.m; sourceTree = "<group>"; };
		E8C36F361B39D26800D0453E /* AppDelegate.h */ = {isa = PBXFileReference; lastKnownFileType = sourcecode.c.h; path = AppDelegate.h; sourceTree = "<group>"; };
		E8C36F371B39D26800D0453E /* AppDelegate.m */ = {isa = PBXFileReference; lastKnownFileType = sourcecode.c.objc; path = AppDelegate.m; sourceTree = "<group>"; };
		E8C36F391B39D26800D0453E /* ViewController.h */ = {isa = PBXFileReference; lastKnownFileType = sourcecode.c.h; path = ViewController.h; sourceTree = "<group>"; };
		E8C36F3A1B39D26800D0453E /* ViewController.m */ = {isa = PBXFileReference; lastKnownFileType = sourcecode.c.objc; path = ViewController.m; sourceTree = "<group>"; };
		E8C36F3D1B39D26800D0453E /* Base */ = {isa = PBXFileReference; lastKnownFileType = file.storyboard; name = Base; path = Base.lproj/Main.storyboard; sourceTree = "<group>"; };
		E8C36F3F1B39D26800D0453E /* Images.xcassets */ = {isa = PBXFileReference; lastKnownFileType = folder.assetcatalog; path = Images.xcassets; sourceTree = "<group>"; };
		E8C36F421B39D26800D0453E /* Base */ = {isa = PBXFileReference; lastKnownFileType = file.xib; name = Base; path = Base.lproj/LaunchScreen.xib; sourceTree = "<group>"; };
		E8C36F481B39D26800D0453E /* AL-MasdarTests.xctest */ = {isa = PBXFileReference; explicitFileType = wrapper.cfbundle; includeInIndex = 0; path = "AL-MasdarTests.xctest"; sourceTree = BUILT_PRODUCTS_DIR; };
		E8C36F4D1B39D26800D0453E /* Info.plist */ = {isa = PBXFileReference; lastKnownFileType = text.plist.xml; path = Info.plist; sourceTree = "<group>"; };
		E8C36F4E1B39D26800D0453E /* AL_MasdarTests.m */ = {isa = PBXFileReference; lastKnownFileType = sourcecode.c.objc; path = AL_MasdarTests.m; sourceTree = "<group>"; };
		E8C36F5A1B39DD4B00D0453E /* ReverseGeocodeCountry.h */ = {isa = PBXFileReference; fileEncoding = 4; lastKnownFileType = sourcecode.c.h; path = ReverseGeocodeCountry.h; sourceTree = "<group>"; };
		E8C36F5B1B39DD4B00D0453E /* ReverseGeocodeCountry.json */ = {isa = PBXFileReference; fileEncoding = 4; lastKnownFileType = text.json; path = ReverseGeocodeCountry.json; sourceTree = "<group>"; };
		E8C36F5C1B39DD4B00D0453E /* ReverseGeocodeCountry.m */ = {isa = PBXFileReference; fileEncoding = 4; lastKnownFileType = sourcecode.c.objc; path = ReverseGeocodeCountry.m; sourceTree = "<group>"; };
		E8C36F5F1B39DF8E00D0453E /* Reachability.h */ = {isa = PBXFileReference; fileEncoding = 4; lastKnownFileType = sourcecode.c.h; path = Reachability.h; sourceTree = "<group>"; };
		E8C36F601B39DF8E00D0453E /* Reachability.m */ = {isa = PBXFileReference; fileEncoding = 4; lastKnownFileType = sourcecode.c.objc; path = Reachability.m; sourceTree = "<group>"; };
		E8C36F631B39E07200D0453E /* NoInternetConnectionViewController.h */ = {isa = PBXFileReference; fileEncoding = 4; lastKnownFileType = sourcecode.c.h; path = NoInternetConnectionViewController.h; sourceTree = "<group>"; };
		E8C36F641B39E07200D0453E /* NoInternetConnectionViewController.m */ = {isa = PBXFileReference; fileEncoding = 4; lastKnownFileType = sourcecode.c.objc; path = NoInternetConnectionViewController.m; sourceTree = "<group>"; };
/* End PBXFileReference section */

/* Begin PBXFrameworksBuildPhase section */
		E8C36F2C1B39D26800D0453E /* Frameworks */ = {
			isa = PBXFrameworksBuildPhase;
			buildActionMask = 2147483647;
			files = (
				7FF5F399BB71DFA877BE19FA /* libPods-AL-Masdar.a in Frameworks */,
			);
			runOnlyForDeploymentPostprocessing = 0;
		};
		E8C36F451B39D26800D0453E /* Frameworks */ = {
			isa = PBXFrameworksBuildPhase;
			buildActionMask = 2147483647;
			files = (
			);
			runOnlyForDeploymentPostprocessing = 0;
		};
/* End PBXFrameworksBuildPhase section */

/* Begin PBXGroup section */
		8E1263F41BE0B1B4A1BC2BDA /* Frameworks */ = {
			isa = PBXGroup;
			children = (
				6670BD0A3CA460F7A52C2282 /* libPods-AL-Masdar.a */,
			);
			name = Frameworks;
			sourceTree = "<group>";
		};
		CCEAFC3CB39C8B48BF0A691B /* Pods */ = {
			isa = PBXGroup;
			children = (
				C8F53F59F7EE46E97900FA3B /* Pods-AL-Masdar.debug.xcconfig */,
				5BF2D4E2EEF27E8E945DA18C /* Pods-AL-Masdar.release.xcconfig */,
			);
			name = Pods;
			sourceTree = "<group>";
		};
		E8C36F261B39D26800D0453E = {
			isa = PBXGroup;
			children = (
				E8C36F311B39D26800D0453E /* AL-Masdar */,
				E8C36F4B1B39D26800D0453E /* AL-MasdarTests */,
				E8C36F301B39D26800D0453E /* Products */,
				CCEAFC3CB39C8B48BF0A691B /* Pods */,
				8E1263F41BE0B1B4A1BC2BDA /* Frameworks */,
			);
			sourceTree = "<group>";
		};
		E8C36F301B39D26800D0453E /* Products */ = {
			isa = PBXGroup;
			children = (
				E8C36F2F1B39D26800D0453E /* AL-Masdar.app */,
				E8C36F481B39D26800D0453E /* AL-MasdarTests.xctest */,
			);
			name = Products;
			sourceTree = "<group>";
		};
		E8C36F311B39D26800D0453E /* AL-Masdar */ = {
			isa = PBXGroup;
			children = (
				E8C36F581B39DD1300D0453E /* ThirdParty */,
				E8C36F361B39D26800D0453E /* AppDelegate.h */,
				E8C36F371B39D26800D0453E /* AppDelegate.m */,
				E8C36F391B39D26800D0453E /* ViewController.h */,
				E8C36F3A1B39D26800D0453E /* ViewController.m */,
				E8C36F3C1B39D26800D0453E /* Main.storyboard */,
				E8C36F3F1B39D26800D0453E /* Images.xcassets */,
				E8C36F411B39D26800D0453E /* LaunchScreen.xib */,
				E8C36F321B39D26800D0453E /* Supporting Files */,
				E8C36F631B39E07200D0453E /* NoInternetConnectionViewController.h */,
				E8C36F641B39E07200D0453E /* NoInternetConnectionViewController.m */,
			);
			path = "AL-Masdar";
			sourceTree = "<group>";
		};
		E8C36F321B39D26800D0453E /* Supporting Files */ = {
			isa = PBXGroup;
			children = (
				E8C36F331B39D26800D0453E /* Info.plist */,
				E8C36F341B39D26800D0453E /* main.m */,
			);
			name = "Supporting Files";
			sourceTree = "<group>";
		};
		E8C36F4B1B39D26800D0453E /* AL-MasdarTests */ = {
			isa = PBXGroup;
			children = (
				E8C36F4E1B39D26800D0453E /* AL_MasdarTests.m */,
				E8C36F4C1B39D26800D0453E /* Supporting Files */,
			);
			path = "AL-MasdarTests";
			sourceTree = "<group>";
		};
		E8C36F4C1B39D26800D0453E /* Supporting Files */ = {
			isa = PBXGroup;
			children = (
				E8C36F4D1B39D26800D0453E /* Info.plist */,
			);
			name = "Supporting Files";
			sourceTree = "<group>";
		};
		E8C36F581B39DD1300D0453E /* ThirdParty */ = {
			isa = PBXGroup;
			children = (
				E8C36F621B39DF9900D0453E /* InternetConnectivity */,
				E8C36F591B39DD1D00D0453E /* ReverseGeoCoding */,
			);
			name = ThirdParty;
			sourceTree = "<group>";
		};
		E8C36F591B39DD1D00D0453E /* ReverseGeoCoding */ = {
			isa = PBXGroup;
			children = (
				E8C36F5A1B39DD4B00D0453E /* ReverseGeocodeCountry.h */,
				E8C36F5B1B39DD4B00D0453E /* ReverseGeocodeCountry.json */,
				E8C36F5C1B39DD4B00D0453E /* ReverseGeocodeCountry.m */,
			);
			name = ReverseGeoCoding;
			sourceTree = "<group>";
		};
		E8C36F621B39DF9900D0453E /* InternetConnectivity */ = {
			isa = PBXGroup;
			children = (
				E8C36F5F1B39DF8E00D0453E /* Reachability.h */,
				E8C36F601B39DF8E00D0453E /* Reachability.m */,
			);
			name = InternetConnectivity;
			sourceTree = "<group>";
		};
/* End PBXGroup section */

/* Begin PBXNativeTarget section */
		E8C36F2E1B39D26800D0453E /* AL-Masdar */ = {
			isa = PBXNativeTarget;
			buildConfigurationList = E8C36F521B39D26800D0453E /* Build configuration list for PBXNativeTarget "AL-Masdar" */;
			buildPhases = (
				5557E8E96BEBBC258FBB65DA /* Check Pods Manifest.lock */,
				E8C36F2B1B39D26800D0453E /* Sources */,
				E8C36F2C1B39D26800D0453E /* Frameworks */,
				E8C36F2D1B39D26800D0453E /* Resources */,
				31FF968A2DC7AFCB87A6DCED /* Copy Pods Resources */,
			);
			buildRules = (
			);
			dependencies = (
			);
			name = "AL-Masdar";
			productName = "AL-Masdar";
			productReference = E8C36F2F1B39D26800D0453E /* AL-Masdar.app */;
			productType = "com.apple.product-type.application";
		};
		E8C36F471B39D26800D0453E /* AL-MasdarTests */ = {
			isa = PBXNativeTarget;
			buildConfigurationList = E8C36F551B39D26800D0453E /* Build configuration list for PBXNativeTarget "AL-MasdarTests" */;
			buildPhases = (
				E8C36F441B39D26800D0453E /* Sources */,
				E8C36F451B39D26800D0453E /* Frameworks */,
				E8C36F461B39D26800D0453E /* Resources */,
			);
			buildRules = (
			);
			dependencies = (
				E8C36F4A1B39D26800D0453E /* PBXTargetDependency */,
			);
			name = "AL-MasdarTests";
			productName = "AL-MasdarTests";
			productReference = E8C36F481B39D26800D0453E /* AL-MasdarTests.xctest */;
			productType = "com.apple.product-type.bundle.unit-test";
		};
/* End PBXNativeTarget section */

/* Begin PBXProject section */
		E8C36F271B39D26800D0453E /* Project object */ = {
			isa = PBXProject;
			attributes = {
				LastUpgradeCheck = 0630;
				ORGANIZATIONNAME = "Osama Rabie";
				TargetAttributes = {
					E8C36F2E1B39D26800D0453E = {
						CreatedOnToolsVersion = 6.3.1;
					};
					E8C36F471B39D26800D0453E = {
						CreatedOnToolsVersion = 6.3.1;
						TestTargetID = E8C36F2E1B39D26800D0453E;
					};
				};
			};
			buildConfigurationList = E8C36F2A1B39D26800D0453E /* Build configuration list for PBXProject "AL-Masdar" */;
			compatibilityVersion = "Xcode 3.2";
			developmentRegion = English;
			hasScannedForEncodings = 0;
			knownRegions = (
				en,
				Base,
			);
			mainGroup = E8C36F261B39D26800D0453E;
			productRefGroup = E8C36F301B39D26800D0453E /* Products */;
			projectDirPath = "";
			projectRoot = "";
			targets = (
				E8C36F2E1B39D26800D0453E /* AL-Masdar */,
				E8C36F471B39D26800D0453E /* AL-MasdarTests */,
			);
		};
/* End PBXProject section */

/* Begin PBXResourcesBuildPhase section */
		E8C36F2D1B39D26800D0453E /* Resources */ = {
			isa = PBXResourcesBuildPhase;
			buildActionMask = 2147483647;
			files = (
				E8C36F5D1B39DD4B00D0453E /* ReverseGeocodeCountry.json in Resources */,
				E8C36F3E1B39D26800D0453E /* Main.storyboard in Resources */,
				E8C36F431B39D26800D0453E /* LaunchScreen.xib in Resources */,
				E8C36F401B39D26800D0453E /* Images.xcassets in Resources */,
			);
			runOnlyForDeploymentPostprocessing = 0;
		};
		E8C36F461B39D26800D0453E /* Resources */ = {
			isa = PBXResourcesBuildPhase;
			buildActionMask = 2147483647;
			files = (
			);
			runOnlyForDeploymentPostprocessing = 0;
		};
/* End PBXResourcesBuildPhase section */

/* Begin PBXShellScriptBuildPhase section */
		31FF968A2DC7AFCB87A6DCED /* Copy Pods Resources */ = {
			isa = PBXShellScriptBuildPhase;
			buildActionMask = 2147483647;
			files = (
			);
			inputPaths = (
			);
			name = "Copy Pods Resources";
			outputPaths = (
			);
			runOnlyForDeploymentPostprocessing = 0;
			shellPath = /bin/sh;
			shellScript = "\"${SRCROOT}/Pods/Target Support Files/Pods-AL-Masdar/Pods-AL-Masdar-resources.sh\"\n";
			showEnvVarsInLog = 0;
		};
		5557E8E96BEBBC258FBB65DA /* Check Pods Manifest.lock */ = {
			isa = PBXShellScriptBuildPhase;
			buildActionMask = 2147483647;
			files = (
			);
			inputPaths = (
			);
			name = "Check Pods Manifest.lock";
			outputPaths = (
			);
			runOnlyForDeploymentPostprocessing = 0;
			shellPath = /bin/sh;
			shellScript = "diff \"${PODS_ROOT}/../Podfile.lock\" \"${PODS_ROOT}/Manifest.lock\" > /dev/null\nif [[ $? != 0 ]] ; then\n    cat << EOM\nerror: The sandbox is not in sync with the Podfile.lock. Run 'pod install' or update your CocoaPods installation.\nEOM\n    exit 1\nfi\n";
			showEnvVarsInLog = 0;
		};
/* End PBXShellScriptBuildPhase section */

/* Begin PBXSourcesBuildPhase section */
		E8C36F2B1B39D26800D0453E /* Sources */ = {
			isa = PBXSourcesBuildPhase;
			buildActionMask = 2147483647;
			files = (
				E8C36F5E1B39DD4B00D0453E /* ReverseGeocodeCountry.m in Sources */,
				E8C36F3B1B39D26800D0453E /* ViewController.m in Sources */,
				E8C36F651B39E07200D0453E /* NoInternetConnectionViewController.m in Sources */,
				E8C36F381B39D26800D0453E /* AppDelegate.m in Sources */,
				E8C36F351B39D26800D0453E /* main.m in Sources */,
				E8C36F611B39DF8E00D0453E /* Reachability.m in Sources */,
			);
			runOnlyForDeploymentPostprocessing = 0;
		};
		E8C36F441B39D26800D0453E /* Sources */ = {
			isa = PBXSourcesBuildPhase;
			buildActionMask = 2147483647;
			files = (
				E8C36F4F1B39D26800D0453E /* AL_MasdarTests.m in Sources */,
			);
			runOnlyForDeploymentPostprocessing = 0;
		};
/* End PBXSourcesBuildPhase section */

/* Begin PBXTargetDependency section */
		E8C36F4A1B39D26800D0453E /* PBXTargetDependency */ = {
			isa = PBXTargetDependency;
			target = E8C36F2E1B39D26800D0453E /* AL-Masdar */;
			targetProxy = E8C36F491B39D26800D0453E /* PBXContainerItemProxy */;
		};
/* End PBXTargetDependency section */

/* Begin PBXVariantGroup section */
		E8C36F3C1B39D26800D0453E /* Main.storyboard */ = {
			isa = PBXVariantGroup;
			children = (
				E8C36F3D1B39D26800D0453E /* Base */,
			);
			name = Main.storyboard;
			sourceTree = "<group>";
		};
		E8C36F411B39D26800D0453E /* LaunchScreen.xib */ = {
			isa = PBXVariantGroup;
			children = (
				E8C36F421B39D26800D0453E /* Base */,
			);
			name = LaunchScreen.xib;
			sourceTree = "<group>";
		};
/* End PBXVariantGroup section */

/* Begin XCBuildConfiguration section */
		E8C36F501B39D26800D0453E /* Debug */ = {
			isa = XCBuildConfiguration;
			buildSettings = {
				ALWAYS_SEARCH_USER_PATHS = NO;
				CLANG_CXX_LANGUAGE_STANDARD = "gnu++0x";
				CLANG_CXX_LIBRARY = "libc++";
				CLANG_ENABLE_MODULES = YES;
				CLANG_ENABLE_OBJC_ARC = YES;
				CLANG_WARN_BOOL_CONVERSION = YES;
				CLANG_WARN_CONSTANT_CONVERSION = YES;
				CLANG_WARN_DIRECT_OBJC_ISA_USAGE = YES_ERROR;
				CLANG_WARN_EMPTY_BODY = YES;
				CLANG_WARN_ENUM_CONVERSION = YES;
				CLANG_WARN_INT_CONVERSION = YES;
				CLANG_WARN_OBJC_ROOT_CLASS = YES_ERROR;
				CLANG_WARN_UNREACHABLE_CODE = YES;
				CLANG_WARN__DUPLICATE_METHOD_MATCH = YES;
				"CODE_SIGN_IDENTITY[sdk=iphoneos*]" = "iPhone Developer";
				COPY_PHASE_STRIP = NO;
				DEBUG_INFORMATION_FORMAT = "dwarf-with-dsym";
				ENABLE_STRICT_OBJC_MSGSEND = YES;
				GCC_C_LANGUAGE_STANDARD = gnu99;
				GCC_DYNAMIC_NO_PIC = NO;
				GCC_NO_COMMON_BLOCKS = YES;
				GCC_OPTIMIZATION_LEVEL = 0;
				GCC_PREPROCESSOR_DEFINITIONS = (
					"DEBUG=1",
					"$(inherited)",
				);
				GCC_SYMBOLS_PRIVATE_EXTERN = NO;
				GCC_WARN_64_TO_32_BIT_CONVERSION = YES;
				GCC_WARN_ABOUT_RETURN_TYPE = YES_ERROR;
				GCC_WARN_UNDECLARED_SELECTOR = YES;
				GCC_WARN_UNINITIALIZED_AUTOS = YES_AGGRESSIVE;
				GCC_WARN_UNUSED_FUNCTION = YES;
				GCC_WARN_UNUSED_VARIABLE = YES;
				IPHONEOS_DEPLOYMENT_TARGET = 8.3;
				MTL_ENABLE_DEBUG_INFO = YES;
				ONLY_ACTIVE_ARCH = YES;
				SDKROOT = iphoneos;
			};
			name = Debug;
		};
		E8C36F511B39D26800D0453E /* Release */ = {
			isa = XCBuildConfiguration;
			buildSettings = {
				ALWAYS_SEARCH_USER_PATHS = NO;
				CLANG_CXX_LANGUAGE_STANDARD = "gnu++0x";
				CLANG_CXX_LIBRARY = "libc++";
				CLANG_ENABLE_MODULES = YES;
				CLANG_ENABLE_OBJC_ARC = YES;
				CLANG_WARN_BOOL_CONVERSION = YES;
				CLANG_WARN_CONSTANT_CONVERSION = YES;
				CLANG_WARN_DIRECT_OBJC_ISA_USAGE = YES_ERROR;
				CLANG_WARN_EMPTY_BODY = YES;
				CLANG_WARN_ENUM_CONVERSION = YES;
				CLANG_WARN_INT_CONVERSION = YES;
				CLANG_WARN_OBJC_ROOT_CLASS = YES_ERROR;
				CLANG_WARN_UNREACHABLE_CODE = YES;
				CLANG_WARN__DUPLICATE_METHOD_MATCH = YES;
				"CODE_SIGN_IDENTITY[sdk=iphoneos*]" = "iPhone Developer";
				COPY_PHASE_STRIP = NO;
				DEBUG_INFORMATION_FORMAT = "dwarf-with-dsym";
				ENABLE_NS_ASSERTIONS = NO;
				ENABLE_STRICT_OBJC_MSGSEND = YES;
				GCC_C_LANGUAGE_STANDARD = gnu99;
				GCC_NO_COMMON_BLOCKS = YES;
				GCC_WARN_64_TO_32_BIT_CONVERSION = YES;
				GCC_WARN_ABOUT_RETURN_TYPE = YES_ERROR;
				GCC_WARN_UNDECLARED_SELECTOR = YES;
				GCC_WARN_UNINITIALIZED_AUTOS = YES_AGGRESSIVE;
				GCC_WARN_UNUSED_FUNCTION = YES;
				GCC_WARN_UNUSED_VARIABLE = YES;
				IPHONEOS_DEPLOYMENT_TARGET = 8.3;
				MTL_ENABLE_DEBUG_INFO = NO;
				SDKROOT = iphoneos;
				VALIDATE_PRODUCT = YES;
			};
			name = Release;
		};
		E8C36F531B39D26800D0453E /* Debug */ = {
			isa = XCBuildConfiguration;
			baseConfigurationReference = C8F53F59F7EE46E97900FA3B /* Pods-AL-Masdar.debug.xcconfig */;
			buildSettings = {
				ASSETCATALOG_COMPILER_APPICON_NAME = AppIcon;
				INFOPLIST_FILE = "AL-Masdar/Info.plist";
				LD_RUNPATH_SEARCH_PATHS = "$(inherited) @executable_path/Frameworks";
				PRODUCT_NAME = "$(TARGET_NAME)";
			};
			name = Debug;
		};
		E8C36F541B39D26800D0453E /* Release */ = {
			isa = XCBuildConfiguration;
			baseConfigurationReference = 5BF2D4E2EEF27E8E945DA18C /* Pods-AL-Masdar.release.xcconfig */;
			buildSettings = {
				ASSETCATALOG_COMPILER_APPICON_NAME = AppIcon;
				INFOPLIST_FILE = "AL-Masdar/Info.plist";
				LD_RUNPATH_SEARCH_PATHS = "$(inherited) @executable_path/Frameworks";
				PRODUCT_NAME = "$(TARGET_NAME)";
			};
			name = Release;
		};
		E8C36F561B39D26800D0453E /* Debug */ = {
			isa = XCBuildConfiguration;
			buildSettings = {
				BUNDLE_LOADER = "$(TEST_HOST)";
				FRAMEWORK_SEARCH_PATHS = (
					"$(SDKROOT)/Developer/Library/Frameworks",
					"$(inherited)",
				);
				GCC_PREPROCESSOR_DEFINITIONS = (
					"DEBUG=1",
					"$(inherited)",
				);
				INFOPLIST_FILE = "AL-MasdarTests/Info.plist";
				LD_RUNPATH_SEARCH_PATHS = "$(inherited) @executable_path/Frameworks @loader_path/Frameworks";
				PRODUCT_NAME = "$(TARGET_NAME)";
				TEST_HOST = "$(BUILT_PRODUCTS_DIR)/AL-Masdar.app/AL-Masdar";
			};
			name = Debug;
		};
		E8C36F571B39D26800D0453E /* Release */ = {
			isa = XCBuildConfiguration;
			buildSettings = {
				BUNDLE_LOADER = "$(TEST_HOST)";
				FRAMEWORK_SEARCH_PATHS = (
					"$(SDKROOT)/Developer/Library/Frameworks",
					"$(inherited)",
				);
				INFOPLIST_FILE = "AL-MasdarTests/Info.plist";
				LD_RUNPATH_SEARCH_PATHS = "$(inherited) @executable_path/Frameworks @loader_path/Frameworks";
				PRODUCT_NAME = "$(TARGET_NAME)";
				TEST_HOST = "$(BUILT_PRODUCTS_DIR)/AL-Masdar.app/AL-Masdar";
			};
			name = Release;
		};
/* End XCBuildConfiguration section */

/* Begin XCConfigurationList section */
		E8C36F2A1B39D26800D0453E /* Build configuration list for PBXProject "AL-Masdar" */ = {
			isa = XCConfigurationList;
			buildConfigurations = (
				E8C36F501B39D26800D0453E /* Debug */,
				E8C36F511B39D26800D0453E /* Release */,
			);
			defaultConfigurationIsVisible = 0;
			defaultConfigurationName = Release;
		};
		E8C36F521B39D26800D0453E /* Build configuration list for PBXNativeTarget "AL-Masdar" */ = {
			isa = XCConfigurationList;
			buildConfigurations = (
				E8C36F531B39D26800D0453E /* Debug */,
				E8C36F541B39D26800D0453E /* Release */,
			);
			defaultConfigurationIsVisible = 0;
			defaultConfigurationName = Release;
		};
		E8C36F551B39D26800D0453E /* Build configuration list for PBXNativeTarget "AL-MasdarTests" */ = {
			isa = XCConfigurationList;
			buildConfigurations = (
				E8C36F561B39D26800D0453E /* Debug */,
				E8C36F571B39D26800D0453E /* Release */,
			);
			defaultConfigurationIsVisible = 0;
			defaultConfigurationName = Release;
		};
/* End XCConfigurationList section */
	};
	rootObject = E8C36F271B39D26800D0453E /* Project object */;
}
